<?xml version="1.0" encoding="utf-8"?>
<Project ToolsVersion="4.0" xmlns="http://schemas.microsoft.com/developer/msbuild/2003">
  <ItemGroup>
    <Filter Include="Source Files">
      <UniqueIdentifier>{4FC737F1-C7A5-4376-A066-2A32D752A2FF}</UniqueIdentifier>
      <Extensions>cpp;c;cc;cxx;def;odl;idl;hpj;bat;asm;asmx</Extensions>
    </Filter>
    <Filter Include="Header Files">
      <UniqueIdentifier>{93995380-89BD-4b04-88EB-625FBE52EBFB}</UniqueIdentifier>
      <Extensions>h;hpp;hxx;hm;inl;inc;xsd</Extensions>
    </Filter>
    <Filter Include="Resource Files">
      <UniqueIdentifier>{67DA6AB6-F800-4c08-8B7A-83BB121AAD01}</UniqueIdentifier>
      <Extensions>rc;ico;cur;bmp;dlg;rc2;rct;bin;rgs;gif;jpg;jpeg;jpe;resx;tiff;tif;png;wav;mfcribbon-ms</Extensions>
    </Filter>
  </ItemGroup>
  <ItemGroup>
    <ClCompile Include="source\main.cpp">
      <Filter>Source Files</Filter>
    </ClCompile>
    <ClCompile Include="source\Game.cpp">
      <Filter>Source Files</Filter>
    </ClCompile>
    <ClCompile Include="source\MenuState.cpp">
      <Filter>Source Files</Filter>
    </ClCompile>
    <ClCompile Include="source\SplashState.cpp">
      <Filter>Source Files</Filter>
    </ClCompile>
    <ClCompile Include="source\Background.cpp">
      <Filter>Source Files</Filter>
    </ClCompile>
    <ClCompile Include="source\Apple.cpp">
      <Filter>Source Files</Filter>
    </ClCompile>
    <ClCompile Include="source\OptionState.cpp">
      <Filter>Source Files</Filter>
    </ClCompile>
    <ClCompile Include="source\PlayState.cpp">
      <Filter>Source Files</Filter>
    </ClCompile>
    <ClCompile Include="source\HighScoreState.cpp">
      <Filter>Source Files</Filter>
    </ClCompile>
    <ClCompile Include="source\Light.cpp">
      <Filter>Source Files</Filter>
    </ClCompile>
    <ClCompile Include="source\Lamp.cpp">
      <Filter>Source Files</Filter>
    </ClCompile>
    <ClCompile Include="source\ScoreEntry.cpp">
      <Filter>Source Files</Filter>
    </ClCompile>
    <ClCompile Include="libs\sqlite\sqlite3.c">
      <Filter>Source Files</Filter>
    </ClCompile>
    <ClCompile Include="source\Player.cpp">
      <Filter>Source Files</Filter>
    </ClCompile>
    <ClCompile Include="source\ScrollingText.cpp">
      <Filter>Source Files</Filter>
    </ClCompile>
    <ClCompile Include="source\NewHighScore.cpp">
      <Filter>Source Files</Filter>
    </ClCompile>
    <ClCompile Include="source\Wall.cpp">
      <Filter>Source Files</Filter>
    </ClCompile>
    <ClCompile Include="source\LightsOptions.cpp">
      <Filter>Source Files</Filter>
    </ClCompile>
    <ClCompile Include="source\SoundOptions.cpp">
      <Filter>Source Files</Filter>
    </ClCompile>
  </ItemGroup>
  <ItemGroup>
    <ClInclude Include="source\Game.h">
      <Filter>Header Files</Filter>
    </ClInclude>
    <ClInclude Include="source\MenuState.h">
      <Filter>Header Files</Filter>
    </ClInclude>
    <ClInclude Include="source\SplashState.h">
      <Filter>Header Files</Filter>
    </ClInclude>
    <ClInclude Include="source\Background.h">
      <Filter>Header Files</Filter>
    </ClInclude>
    <ClInclude Include="source\BackgroundObject.h">
      <Filter>Header Files</Filter>
    </ClInclude>
    <ClInclude Include="source\Apple.h">
      <Filter>Header Files</Filter>
    </ClInclude>
    <ClInclude Include="source\OptionState.h">
      <Filter>Header Files</Filter>
    </ClInclude>
    <ClInclude Include="source\PlayState.h">
      <Filter>Header Files</Filter>
    </ClInclude>
    <ClInclude Include="source\HighScoreState.h">
      <Filter>Header Files</Filter>
    </ClInclude>
    <ClInclude Include="source\Light.h">
      <Filter>Header Files</Filter>
    </ClInclude>
    <ClInclude Include="source\Lamp.h">
      <Filter>Header Files</Filter>
    </ClInclude>
    <ClInclude Include="source\ScoreEntry.h">
      <Filter>Header Files</Filter>
    </ClInclude>
    <ClInclude Include="include\sqlite3.h">
      <Filter>Header Files</Filter>
    </ClInclude>
    <ClInclude Include="include\AIE.h">
      <Filter>Header Files</Filter>
    </ClInclude>
    <ClInclude Include="source\Player.h">
      <Filter>Header Files</Filter>
    </ClInclude>
    <ClInclude Include="source\ScrollingText.h">
      <Filter>Header Files</Filter>
    </ClInclude>
    <ClInclude Include="source\NewHighScore.h">
      <Filter>Header Files</Filter>
    </ClInclude>
    <ClInclude Include="source\Wall.h">
      <Filter>Header Files</Filter>
    </ClInclude>
    <ClInclude Include="source\LightsOptions.h">
      <Filter>Header Files</Filter>
    </ClInclude>
    <ClInclude Include="source\SoundOptions.h">
      <Filter>Header Files</Filter>
    </ClInclude>
  </ItemGroup>
  <ItemGroup>
    <None Include="bin\irrKlang.dll" />
  </ItemGroup>
</Project>